PODS:
  - Alamofire (5.0.0.beta.1)

DEPENDENCIES:
  - Alamofire (from `https://github.com/Alamofire/Alamofire.git`, branch `alamofire5`)

EXTERNAL SOURCES:
  Alamofire:
    :branch: alamofire5
    :git: https://github.com/Alamofire/Alamofire.git

CHECKOUT OPTIONS:
  Alamofire:
    :commit: 7a73af699037fb447c33412f92cfe032cfd84019
    :git: https://github.com/Alamofire/Alamofire.git

SPEC CHECKSUMS:
  Alamofire: eafeeb206da2148045e57a5dc3c6a4acc65b9eb2

PODFILE CHECKSUM: e7e372cd992612dbfc8d0f063f91d9f567564432

COCOAPODS: 1.5.3
